
Microsoft Visual Studio Solution File, Format Version 12.00
# Visual Studio Version 16
VisualStudioVersion = 16.0.32630.194
MinimumVisualStudioVersion = 10.0.40219.1
Project("{FAE04EC0-301F-11D3-BF4B-00C04F79EFBC}") = "UnitTestProj", "UnitTestProj\UnitTestProj.csproj", "{29443C87-B4EA-47E3-93EE-2820895F99C1}"
EndProject
Project("{FAE04EC0-301F-11D3-BF4B-00C04F79EFBC}") = "CL", "CL\CL.csproj", "{B2892EE9-CCCA-46B7-8F70-AC21A6A8CBD9}"
EndProject
Global
	GlobalSection(SolutionConfigurationPlatforms) = preSolution
		Debug|Any CPU = Debug|Any CPU
		Release|Any CPU = Release|Any CPU
	EndGlobalSection
	GlobalSection(ProjectConfigurationPlatforms) = postSolution
		{29443C87-B4EA-47E3-93EE-2820895F99C1}.Debug|Any CPU.ActiveCfg = Debug|Any CPU
		{29443C87-B4EA-47E3-93EE-2820895F99C1}.Debug|Any CPU.Build.0 = Debug|Any CPU
		{29443C87-B4EA-47E3-93EE-2820895F99C1}.Release|Any CPU.ActiveCfg = Release|Any CPU
		{29443C87-B4EA-47E3-93EE-2820895F99C1}.Release|Any CPU.Build.0 = Release|Any CPU
		{B2892EE9-CCCA-46B7-8F70-AC21A6A8CBD9}.Debug|Any CPU.ActiveCfg = Debug|Any CPU
		{B2892EE9-CCCA-46B7-8F70-AC21A6A8CBD9}.Debug|Any CPU.Build.0 = Debug|Any CPU
		{B2892EE9-CCCA-46B7-8F70-AC21A6A8CBD9}.Release|Any CPU.ActiveCfg = Release|Any CPU
		{B2892EE9-CCCA-46B7-8F70-AC21A6A8CBD9}.Release|Any CPU.Build.0 = Release|Any CPU
	EndGlobalSection
	GlobalSection(SolutionProperties) = preSolution
		HideSolutionNode = FALSE
	EndGlobalSection
	GlobalSection(ExtensibilityGlobals) = postSolution
		SolutionGuid = {F1AC3A11-F8AF-400E-852E-CB46732F209C}
	EndGlobalSection
EndGlobal
