
Microsoft Visual Studio Solution File, Format Version 12.00
# Visual Studio Version 16
VisualStudioVersion = 16.0.32630.194
MinimumVisualStudioVersion = 10.0.40219.1
Project("{FAE04EC0-301F-11D3-BF4B-00C04F79EFBC}") = "Selenuim_Practise", "Selenuim_Practise\Selenuim_Practise.csproj", "{1A7B7E8C-A536-4B7C-9FA0-7E98314880DF}"
EndProject
Global
	GlobalSection(SolutionConfigurationPlatforms) = preSolution
		Debug|Any CPU = Debug|Any CPU
		Release|Any CPU = Release|Any CPU
	EndGlobalSection
	GlobalSection(ProjectConfigurationPlatforms) = postSolution
		{1A7B7E8C-A536-4B7C-9FA0-7E98314880DF}.Debug|Any CPU.ActiveCfg = Debug|Any CPU
		{1A7B7E8C-A536-4B7C-9FA0-7E98314880DF}.Debug|Any CPU.Build.0 = Debug|Any CPU
		{1A7B7E8C-A536-4B7C-9FA0-7E98314880DF}.Release|Any CPU.ActiveCfg = Release|Any CPU
		{1A7B7E8C-A536-4B7C-9FA0-7E98314880DF}.Release|Any CPU.Build.0 = Release|Any CPU
	EndGlobalSection
	GlobalSection(SolutionProperties) = preSolution
		HideSolutionNode = FALSE
	EndGlobalSection
	GlobalSection(ExtensibilityGlobals) = postSolution
		SolutionGuid = {F1AC3A11-F8AF-400E-852E-CB46732F209C}
	EndGlobalSection
EndGlobal
