
Microsoft Visual Studio Solution File, Format Version 12.00
# Visual Studio Version 16
VisualStudioVersion = 16.0.32630.194
MinimumVisualStudioVersion = 10.0.40219.1
Project("{FAE04EC0-301F-11D3-BF4B-00C04F79EFBC}") = "UnitTestProj", "UnitTestProj\UnitTestProj.csproj", "{29443C87-B4EA-47E3-93EE-2820895F99C1}"
EndProject
Project("{9A19103F-16F7-4668-BE54-9A1E7A4F7556}") = "CL", "CL\CL.csproj", "{B2892EE9-CCCA-46B7-8F70-AC21A6A8CBD9}"
EndProject
Project("{2150E333-8FDC-42A3-9474-1A3956D46DE8}") = "Prog Basics", "Prog Basics", "{3CE4C0C7-4085-4EAB-BCED-47B2847BC6C4}"
EndProject
Project("{9A19103F-16F7-4668-BE54-9A1E7A4F7556}") = "HW", "HW\HW.csproj", "{A49B14AB-1007-4A3F-886C-5AC4CA4ECD47}"
EndProject
Project("{2150E333-8FDC-42A3-9474-1A3956D46DE8}") = "Unit Testing", "Unit Testing", "{D01AFE61-901C-44FC-91F3-BDFB4C1D2546}"
EndProject
Project("{FAE04EC0-301F-11D3-BF4B-00C04F79EFBC}") = "UnitTestProject", "UnitTestProject\UnitTestProject.csproj", "{FE03F271-AC4E-4094-AD14-72B7E0E8DE1B}"
EndProject
Project("{2150E333-8FDC-42A3-9474-1A3956D46DE8}") = "Math", "Math", "{69298436-6531-4CDD-91B4-CE6B9D33A597}"
EndProject
Project("{FAE04EC0-301F-11D3-BF4B-00C04F79EFBC}") = "Math", "Math\Math.csproj", "{7B0D97A9-75B0-40A5-A317-969231D9E728}"
EndProject
Project("{2150E333-8FDC-42A3-9474-1A3956D46DE8}") = "OOP", "OOP", "{55BE28BA-32A3-43C5-B730-75A3DF80A7CE}"
EndProject
Project("{FAE04EC0-301F-11D3-BF4B-00C04F79EFBC}") = "OOP_tests", "OOP_tests\OOP_tests.csproj", "{ADA05D65-713B-4546-821E-1C8D4DEB78B0}"
EndProject
Global
	GlobalSection(SolutionConfigurationPlatforms) = preSolution
		Debug|Any CPU = Debug|Any CPU
		Release|Any CPU = Release|Any CPU
	EndGlobalSection
	GlobalSection(ProjectConfigurationPlatforms) = postSolution
		{29443C87-B4EA-47E3-93EE-2820895F99C1}.Debug|Any CPU.ActiveCfg = Debug|Any CPU
		{29443C87-B4EA-47E3-93EE-2820895F99C1}.Debug|Any CPU.Build.0 = Debug|Any CPU
		{29443C87-B4EA-47E3-93EE-2820895F99C1}.Release|Any CPU.ActiveCfg = Release|Any CPU
		{29443C87-B4EA-47E3-93EE-2820895F99C1}.Release|Any CPU.Build.0 = Release|Any CPU
		{B2892EE9-CCCA-46B7-8F70-AC21A6A8CBD9}.Debug|Any CPU.ActiveCfg = Debug|Any CPU
		{B2892EE9-CCCA-46B7-8F70-AC21A6A8CBD9}.Debug|Any CPU.Build.0 = Debug|Any CPU
		{B2892EE9-CCCA-46B7-8F70-AC21A6A8CBD9}.Release|Any CPU.ActiveCfg = Release|Any CPU
		{B2892EE9-CCCA-46B7-8F70-AC21A6A8CBD9}.Release|Any CPU.Build.0 = Release|Any CPU
		{A49B14AB-1007-4A3F-886C-5AC4CA4ECD47}.Debug|Any CPU.ActiveCfg = Debug|Any CPU
		{A49B14AB-1007-4A3F-886C-5AC4CA4ECD47}.Debug|Any CPU.Build.0 = Debug|Any CPU
		{A49B14AB-1007-4A3F-886C-5AC4CA4ECD47}.Release|Any CPU.ActiveCfg = Release|Any CPU
		{A49B14AB-1007-4A3F-886C-5AC4CA4ECD47}.Release|Any CPU.Build.0 = Release|Any CPU
		{FE03F271-AC4E-4094-AD14-72B7E0E8DE1B}.Debug|Any CPU.ActiveCfg = Debug|Any CPU
		{FE03F271-AC4E-4094-AD14-72B7E0E8DE1B}.Debug|Any CPU.Build.0 = Debug|Any CPU
		{FE03F271-AC4E-4094-AD14-72B7E0E8DE1B}.Release|Any CPU.ActiveCfg = Release|Any CPU
		{FE03F271-AC4E-4094-AD14-72B7E0E8DE1B}.Release|Any CPU.Build.0 = Release|Any CPU
		{7B0D97A9-75B0-40A5-A317-969231D9E728}.Debug|Any CPU.ActiveCfg = Debug|Any CPU
		{7B0D97A9-75B0-40A5-A317-969231D9E728}.Debug|Any CPU.Build.0 = Debug|Any CPU
		{7B0D97A9-75B0-40A5-A317-969231D9E728}.Release|Any CPU.ActiveCfg = Release|Any CPU
		{7B0D97A9-75B0-40A5-A317-969231D9E728}.Release|Any CPU.Build.0 = Release|Any CPU
		{ADA05D65-713B-4546-821E-1C8D4DEB78B0}.Debug|Any CPU.ActiveCfg = Debug|Any CPU
		{ADA05D65-713B-4546-821E-1C8D4DEB78B0}.Debug|Any CPU.Build.0 = Debug|Any CPU
		{ADA05D65-713B-4546-821E-1C8D4DEB78B0}.Release|Any CPU.ActiveCfg = Release|Any CPU
		{ADA05D65-713B-4546-821E-1C8D4DEB78B0}.Release|Any CPU.Build.0 = Release|Any CPU
	EndGlobalSection
	GlobalSection(SolutionProperties) = preSolution
		HideSolutionNode = FALSE
	EndGlobalSection
	GlobalSection(NestedProjects) = preSolution
		{A49B14AB-1007-4A3F-886C-5AC4CA4ECD47} = {3CE4C0C7-4085-4EAB-BCED-47B2847BC6C4}
		{FE03F271-AC4E-4094-AD14-72B7E0E8DE1B} = {D01AFE61-901C-44FC-91F3-BDFB4C1D2546}
		{7B0D97A9-75B0-40A5-A317-969231D9E728} = {69298436-6531-4CDD-91B4-CE6B9D33A597}
		{ADA05D65-713B-4546-821E-1C8D4DEB78B0} = {55BE28BA-32A3-43C5-B730-75A3DF80A7CE}
	EndGlobalSection
	GlobalSection(ExtensibilityGlobals) = postSolution
		SolutionGuid = {F1AC3A11-F8AF-400E-852E-CB46732F209C}
	EndGlobalSection
EndGlobal
